// !$*UTF8*$!
{
	archiveVersion = 1;
	classes = {
	};
	objectVersion = 55;
	objects = {

/* Begin PBXBuildFile section */
		669DC850246A28AD055DA79E /* Pods_Pokemon.framework in Frameworks */ = {isa = PBXBuildFile; fileRef = A031C361950FE1527962BE30 /* Pods_Pokemon.framework */; };
		690D177729CDB40600463AEF /* AppDelegate.swift in Sources */ = {isa = PBXBuildFile; fileRef = 690D177629CDB40600463AEF /* AppDelegate.swift */; };
		690D177929CDB40600463AEF /* SceneDelegate.swift in Sources */ = {isa = PBXBuildFile; fileRef = 690D177829CDB40600463AEF /* SceneDelegate.swift */; };
		690D177B29CDB40600463AEF /* HomeViewController.swift in Sources */ = {isa = PBXBuildFile; fileRef = 690D177A29CDB40600463AEF /* HomeViewController.swift */; };
		690D177E29CDB40600463AEF /* Main.storyboard in Resources */ = {isa = PBXBuildFile; fileRef = 690D177C29CDB40600463AEF /* Main.storyboard */; };
		690D178029CDB40700463AEF /* Assets.xcassets in Resources */ = {isa = PBXBuildFile; fileRef = 690D177F29CDB40700463AEF /* Assets.xcassets */; };
		690D178329CDB40700463AEF /* LaunchScreen.storyboard in Resources */ = {isa = PBXBuildFile; fileRef = 690D178129CDB40700463AEF /* LaunchScreen.storyboard */; };
		690D179029CDB57300463AEF /* PokemonTableViewCell.swift in Sources */ = {isa = PBXBuildFile; fileRef = 690D178E29CDB57300463AEF /* PokemonTableViewCell.swift */; };
		690D179129CDB57300463AEF /* PokemonTableViewCell.xib in Resources */ = {isa = PBXBuildFile; fileRef = 690D178F29CDB57300463AEF /* PokemonTableViewCell.xib */; };
		690D179329CDB80700463AEF /* PokemonModel.swift in Sources */ = {isa = PBXBuildFile; fileRef = 690D179229CDB80700463AEF /* PokemonModel.swift */; };
		690D179529CDB93C00463AEF /* PokemonData.swift in Sources */ = {isa = PBXBuildFile; fileRef = 690D179429CDB93C00463AEF /* PokemonData.swift */; };
		690D179729CDB97F00463AEF /* ListViewModel.swift in Sources */ = {isa = PBXBuildFile; fileRef = 690D179629CDB97F00463AEF /* ListViewModel.swift */; };
		690D179929CDCB7400463AEF /* PokemonDetailsData.swift in Sources */ = {isa = PBXBuildFile; fileRef = 690D179829CDCB7400463AEF /* PokemonDetailsData.swift */; };
		690D179F29CE406100463AEF /* DetailViewModel.swift in Sources */ = {isa = PBXBuildFile; fileRef = 690D179E29CE406100463AEF /* DetailViewModel.swift */; };
		690D17A129CE40E300463AEF /* DetailViewController.swift in Sources */ = {isa = PBXBuildFile; fileRef = 690D17A029CE40E300463AEF /* DetailViewController.swift */; };
		690D17A329CE411400463AEF /* DetailModel.swift in Sources */ = {isa = PBXBuildFile; fileRef = 690D17A229CE411400463AEF /* DetailModel.swift */; };
/* End PBXBuildFile section */

/* Begin PBXFileReference section */
		690D177329CDB40600463AEF /* Pokemon.app */ = {isa = PBXFileReference; explicitFileType = wrapper.application; includeInIndex = 0; path = Pokemon.app; sourceTree = BUILT_PRODUCTS_DIR; };
		690D177629CDB40600463AEF /* AppDelegate.swift */ = {isa = PBXFileReference; lastKnownFileType = sourcecode.swift; path = AppDelegate.swift; sourceTree = "<group>"; };
		690D177829CDB40600463AEF /* SceneDelegate.swift */ = {isa = PBXFileReference; lastKnownFileType = sourcecode.swift; path = SceneDelegate.swift; sourceTree = "<group>"; };
		690D177A29CDB40600463AEF /* HomeViewController.swift */ = {isa = PBXFileReference; lastKnownFileType = sourcecode.swift; path = HomeViewController.swift; sourceTree = "<group>"; };
		690D177D29CDB40600463AEF /* Base */ = {isa = PBXFileReference; lastKnownFileType = file.storyboard; name = Base; path = Base.lproj/Main.storyboard; sourceTree = "<group>"; };
		690D177F29CDB40700463AEF /* Assets.xcassets */ = {isa = PBXFileReference; lastKnownFileType = folder.assetcatalog; path = Assets.xcassets; sourceTree = "<group>"; };
		690D178229CDB40700463AEF /* Base */ = {isa = PBXFileReference; lastKnownFileType = file.storyboard; name = Base; path = Base.lproj/LaunchScreen.storyboard; sourceTree = "<group>"; };
		690D178429CDB40700463AEF /* Info.plist */ = {isa = PBXFileReference; lastKnownFileType = text.plist.xml; path = Info.plist; sourceTree = "<group>"; };
		690D178E29CDB57300463AEF /* PokemonTableViewCell.swift */ = {isa = PBXFileReference; lastKnownFileType = sourcecode.swift; path = PokemonTableViewCell.swift; sourceTree = "<group>"; };
		690D178F29CDB57300463AEF /* PokemonTableViewCell.xib */ = {isa = PBXFileReference; lastKnownFileType = file.xib; path = PokemonTableViewCell.xib; sourceTree = "<group>"; };
		690D179229CDB80700463AEF /* PokemonModel.swift */ = {isa = PBXFileReference; lastKnownFileType = sourcecode.swift; path = PokemonModel.swift; sourceTree = "<group>"; };
		690D179429CDB93C00463AEF /* PokemonData.swift */ = {isa = PBXFileReference; lastKnownFileType = sourcecode.swift; path = PokemonData.swift; sourceTree = "<group>"; };
		690D179629CDB97F00463AEF /* ListViewModel.swift */ = {isa = PBXFileReference; lastKnownFileType = sourcecode.swift; path = ListViewModel.swift; sourceTree = "<group>"; };
		690D179829CDCB7400463AEF /* PokemonDetailsData.swift */ = {isa = PBXFileReference; lastKnownFileType = sourcecode.swift; path = PokemonDetailsData.swift; sourceTree = "<group>"; };
		690D179E29CE406100463AEF /* DetailViewModel.swift */ = {isa = PBXFileReference; lastKnownFileType = sourcecode.swift; path = DetailViewModel.swift; sourceTree = "<group>"; };
		690D17A029CE40E300463AEF /* DetailViewController.swift */ = {isa = PBXFileReference; lastKnownFileType = sourcecode.swift; path = DetailViewController.swift; sourceTree = "<group>"; };
		690D17A229CE411400463AEF /* DetailModel.swift */ = {isa = PBXFileReference; lastKnownFileType = sourcecode.swift; path = DetailModel.swift; sourceTree = "<group>"; };
		A031C361950FE1527962BE30 /* Pods_Pokemon.framework */ = {isa = PBXFileReference; explicitFileType = wrapper.framework; includeInIndex = 0; path = Pods_Pokemon.framework; sourceTree = BUILT_PRODUCTS_DIR; };
		B5C33A895C51C79E689C640D /* Pods-Pokemon.debug.xcconfig */ = {isa = PBXFileReference; includeInIndex = 1; lastKnownFileType = text.xcconfig; name = "Pods-Pokemon.debug.xcconfig"; path = "Target Support Files/Pods-Pokemon/Pods-Pokemon.debug.xcconfig"; sourceTree = "<group>"; };
		C5DD36CD6C1EC9E82F59A4C7 /* Pods-Pokemon.release.xcconfig */ = {isa = PBXFileReference; includeInIndex = 1; lastKnownFileType = text.xcconfig; name = "Pods-Pokemon.release.xcconfig"; path = "Target Support Files/Pods-Pokemon/Pods-Pokemon.release.xcconfig"; sourceTree = "<group>"; };
/* End PBXFileReference section */

/* Begin PBXFrameworksBuildPhase section */
		690D177029CDB40600463AEF /* Frameworks */ = {
			isa = PBXFrameworksBuildPhase;
			buildActionMask = 2147483647;
			files = (
				669DC850246A28AD055DA79E /* Pods_Pokemon.framework in Frameworks */,
			);
			runOnlyForDeploymentPostprocessing = 0;
		};
/* End PBXFrameworksBuildPhase section */

/* Begin PBXGroup section */
		1F39E7DB3C7B4B7F125A73D1 /* Frameworks */ = {
			isa = PBXGroup;
			children = (
				A031C361950FE1527962BE30 /* Pods_Pokemon.framework */,
			);
			name = Frameworks;
			sourceTree = "<group>";
		};
		690D176A29CDB40600463AEF = {
			isa = PBXGroup;
			children = (
				690D177529CDB40600463AEF /* Pokemon */,
				690D177429CDB40600463AEF /* Products */,
				9E37C47E616632AC1C1AA39B /* Pods */,
				1F39E7DB3C7B4B7F125A73D1 /* Frameworks */,
			);
			sourceTree = "<group>";
		};
		690D177429CDB40600463AEF /* Products */ = {
			isa = PBXGroup;
			children = (
				690D177329CDB40600463AEF /* Pokemon.app */,
			);
			name = Products;
			sourceTree = "<group>";
		};
		690D177529CDB40600463AEF /* Pokemon */ = {
			isa = PBXGroup;
			children = (
				690D179B29CDFB6400463AEF /* App */,
				690D179C29CDFB6F00463AEF /* Home */,
				690D179D29CE404500463AEF /* Detail */,
				690D179A29CDF7C600463AEF /* Api */,
				690D177C29CDB40600463AEF /* Main.storyboard */,
				690D177F29CDB40700463AEF /* Assets.xcassets */,
				690D178129CDB40700463AEF /* LaunchScreen.storyboard */,
				690D178429CDB40700463AEF /* Info.plist */,
			);
			path = Pokemon;
			sourceTree = "<group>";
		};
		690D179A29CDF7C600463AEF /* Api */ = {
			isa = PBXGroup;
			children = (
				690D179429CDB93C00463AEF /* PokemonData.swift */,
				690D179829CDCB7400463AEF /* PokemonDetailsData.swift */,
			);
			path = Api;
			sourceTree = "<group>";
		};
		690D179B29CDFB6400463AEF /* App */ = {
			isa = PBXGroup;
			children = (
				690D177629CDB40600463AEF /* AppDelegate.swift */,
				690D177829CDB40600463AEF /* SceneDelegate.swift */,
			);
			path = App;
			sourceTree = "<group>";
		};
		690D179C29CDFB6F00463AEF /* Home */ = {
			isa = PBXGroup;
			children = (
				690D17A529CEDE6700463AEF /* View */,
				690D17A429CEDE5700463AEF /* ViewModel */,
				690D17A629CEDE7100463AEF /* Model */,
			);
			path = Home;
			sourceTree = "<group>";
		};
		690D179D29CE404500463AEF /* Detail */ = {
			isa = PBXGroup;
			children = (
				690D17A729CEDECE00463AEF /* View */,
				690D17A829CEDEE900463AEF /* ViewModel */,
				690D17A929CEDEF800463AEF /* Model */,
			);
			path = Detail;
			sourceTree = "<group>";
		};
		690D17A429CEDE5700463AEF /* ViewModel */ = {
			isa = PBXGroup;
			children = (
				690D179629CDB97F00463AEF /* ListViewModel.swift */,
			);
			path = ViewModel;
			sourceTree = "<group>";
		};
		690D17A529CEDE6700463AEF /* View */ = {
			isa = PBXGroup;
			children = (
				690D177A29CDB40600463AEF /* HomeViewController.swift */,
				690D178E29CDB57300463AEF /* PokemonTableViewCell.swift */,
				690D178F29CDB57300463AEF /* PokemonTableViewCell.xib */,
			);
			path = View;
			sourceTree = "<group>";
		};
		690D17A629CEDE7100463AEF /* Model */ = {
			isa = PBXGroup;
			children = (
				690D179229CDB80700463AEF /* PokemonModel.swift */,
			);
			path = Model;
			sourceTree = "<group>";
		};
		690D17A729CEDECE00463AEF /* View */ = {
			isa = PBXGroup;
			children = (
				690D17A029CE40E300463AEF /* DetailViewController.swift */,
			);
			path = View;
			sourceTree = "<group>";
		};
		690D17A829CEDEE900463AEF /* ViewModel */ = {
			isa = PBXGroup;
			children = (
				690D179E29CE406100463AEF /* DetailViewModel.swift */,
			);
			path = ViewModel;
			sourceTree = "<group>";
		};
		690D17A929CEDEF800463AEF /* Model */ = {
			isa = PBXGroup;
			children = (
				690D17A229CE411400463AEF /* DetailModel.swift */,
			);
			path = Model;
			sourceTree = "<group>";
		};
		9E37C47E616632AC1C1AA39B /* Pods */ = {
			isa = PBXGroup;
			children = (
				B5C33A895C51C79E689C640D /* Pods-Pokemon.debug.xcconfig */,
				C5DD36CD6C1EC9E82F59A4C7 /* Pods-Pokemon.release.xcconfig */,
			);
			path = Pods;
			sourceTree = "<group>";
		};
/* End PBXGroup section */

/* Begin PBXNativeTarget section */
		690D177229CDB40600463AEF /* Pokemon */ = {
			isa = PBXNativeTarget;
			buildConfigurationList = 690D178729CDB40700463AEF /* Build configuration list for PBXNativeTarget "Pokemon" */;
			buildPhases = (
				3CAD2FACB43E7E2E99C82346 /* [CP] Check Pods Manifest.lock */,
				690D176F29CDB40600463AEF /* Sources */,
				690D177029CDB40600463AEF /* Frameworks */,
				690D177129CDB40600463AEF /* Resources */,
				F8F30AD2628E69DC1FCB1A40 /* [CP] Embed Pods Frameworks */,
			);
			buildRules = (
			);
			dependencies = (
			);
			name = Pokemon;
			productName = Pokemon;
			productReference = 690D177329CDB40600463AEF /* Pokemon.app */;
			productType = "com.apple.product-type.application";
		};
/* End PBXNativeTarget section */

/* Begin PBXProject section */
		690D176B29CDB40600463AEF /* Project object */ = {
			isa = PBXProject;
			attributes = {
				BuildIndependentTargetsInParallel = 1;
				LastSwiftUpdateCheck = 1420;
				LastUpgradeCheck = 1420;
				TargetAttributes = {
					690D177229CDB40600463AEF = {
						CreatedOnToolsVersion = 14.2;
					};
				};
			};
			buildConfigurationList = 690D176E29CDB40600463AEF /* Build configuration list for PBXProject "Pokemon" */;
			compatibilityVersion = "Xcode 13.0";
			developmentRegion = en;
			hasScannedForEncodings = 0;
			knownRegions = (
				en,
				Base,
			);
			mainGroup = 690D176A29CDB40600463AEF;
			productRefGroup = 690D177429CDB40600463AEF /* Products */;
			projectDirPath = "";
			projectRoot = "";
			targets = (
				690D177229CDB40600463AEF /* Pokemon */,
			);
		};
/* End PBXProject section */

/* Begin PBXResourcesBuildPhase section */
		690D177129CDB40600463AEF /* Resources */ = {
			isa = PBXResourcesBuildPhase;
			buildActionMask = 2147483647;
			files = (
				690D178329CDB40700463AEF /* LaunchScreen.storyboard in Resources */,
				690D179129CDB57300463AEF /* PokemonTableViewCell.xib in Resources */,
				690D178029CDB40700463AEF /* Assets.xcassets in Resources */,
				690D177E29CDB40600463AEF /* Main.storyboard in Resources */,
			);
			runOnlyForDeploymentPostprocessing = 0;
		};
/* End PBXResourcesBuildPhase section */

/* Begin PBXShellScriptBuildPhase section */
		3CAD2FACB43E7E2E99C82346 /* [CP] Check Pods Manifest.lock */ = {
			isa = PBXShellScriptBuildPhase;
			buildActionMask = 2147483647;
			files = (
			);
			inputFileListPaths = (
			);
			inputPaths = (
				"${PODS_PODFILE_DIR_PATH}/Podfile.lock",
				"${PODS_ROOT}/Manifest.lock",
			);
			name = "[CP] Check Pods Manifest.lock";
			outputFileListPaths = (
			);
			outputPaths = (
				"$(DERIVED_FILE_DIR)/Pods-Pokemon-checkManifestLockResult.txt",
			);
			runOnlyForDeploymentPostprocessing = 0;
			shellPath = /bin/sh;
			shellScript = "diff \"${PODS_PODFILE_DIR_PATH}/Podfile.lock\" \"${PODS_ROOT}/Manifest.lock\" > /dev/null\nif [ $? != 0 ] ; then\n    # print error to STDERR\n    echo \"error: The sandbox is not in sync with the Podfile.lock. Run 'pod install' or update your CocoaPods installation.\" >&2\n    exit 1\nfi\n# This output is used by Xcode 'outputs' to avoid re-running this script phase.\necho \"SUCCESS\" > \"${SCRIPT_OUTPUT_FILE_0}\"\n";
			showEnvVarsInLog = 0;
		};
		F8F30AD2628E69DC1FCB1A40 /* [CP] Embed Pods Frameworks */ = {
			isa = PBXShellScriptBuildPhase;
			buildActionMask = 2147483647;
			files = (
			);
			inputFileListPaths = (
				"${PODS_ROOT}/Target Support Files/Pods-Pokemon/Pods-Pokemon-frameworks-${CONFIGURATION}-input-files.xcfilelist",
			);
			name = "[CP] Embed Pods Frameworks";
			outputFileListPaths = (
				"${PODS_ROOT}/Target Support Files/Pods-Pokemon/Pods-Pokemon-frameworks-${CONFIGURATION}-output-files.xcfilelist",
			);
			runOnlyForDeploymentPostprocessing = 0;
			shellPath = /bin/sh;
			shellScript = "\"${PODS_ROOT}/Target Support Files/Pods-Pokemon/Pods-Pokemon-frameworks.sh\"\n";
			showEnvVarsInLog = 0;
		};
/* End PBXShellScriptBuildPhase section */

/* Begin PBXSourcesBuildPhase section */
		690D176F29CDB40600463AEF /* Sources */ = {
			isa = PBXSourcesBuildPhase;
			buildActionMask = 2147483647;
			files = (
				690D177B29CDB40600463AEF /* HomeViewController.swift in Sources */,
				690D179529CDB93C00463AEF /* PokemonData.swift in Sources */,
				690D179729CDB97F00463AEF /* ListViewModel.swift in Sources */,
				690D179029CDB57300463AEF /* PokemonTableViewCell.swift in Sources */,
				690D179F29CE406100463AEF /* DetailViewModel.swift in Sources */,
				690D179929CDCB7400463AEF /* PokemonDetailsData.swift in Sources */,
				690D177729CDB40600463AEF /* AppDelegate.swift in Sources */,
				690D17A129CE40E300463AEF /* DetailViewController.swift in Sources */,
				690D179329CDB80700463AEF /* PokemonModel.swift in Sources */,
				690D17A329CE411400463AEF /* DetailModel.swift in Sources */,
				690D177929CDB40600463AEF /* SceneDelegate.swift in Sources */,
			);
			runOnlyForDeploymentPostprocessing = 0;
		};
/* End PBXSourcesBuildPhase section */

/* Begin PBXVariantGroup section */
		690D177C29CDB40600463AEF /* Main.storyboard */ = {
			isa = PBXVariantGroup;
			children = (
				690D177D29CDB40600463AEF /* Base */,
			);
			name = Main.storyboard;
			sourceTree = "<group>";
		};
		690D178129CDB40700463AEF /* LaunchScreen.storyboard */ = {
			isa = PBXVariantGroup;
			children = (
				690D178229CDB40700463AEF /* Base */,
			);
			name = LaunchScreen.storyboard;
			sourceTree = "<group>";
		};
/* End PBXVariantGroup section */

/* Begin XCBuildConfiguration section */
		690D178529CDB40700463AEF /* Debug */ = {
			isa = XCBuildConfiguration;
			buildSettings = {
				ALWAYS_SEARCH_USER_PATHS = NO;
				CLANG_ANALYZER_NONNULL = YES;
				CLANG_ANALYZER_NUMBER_OBJECT_CONVERSION = YES_AGGRESSIVE;
				CLANG_CXX_LANGUAGE_STANDARD = "gnu++20";
				CLANG_ENABLE_MODULES = YES;
				CLANG_ENABLE_OBJC_ARC = YES;
				CLANG_ENABLE_OBJC_WEAK = YES;
				CLANG_WARN_BLOCK_CAPTURE_AUTORELEASING = YES;
				CLANG_WARN_BOOL_CONVERSION = YES;
				CLANG_WARN_COMMA = YES;
				CLANG_WARN_CONSTANT_CONVERSION = YES;
				CLANG_WARN_DEPRECATED_OBJC_IMPLEMENTATIONS = YES;
				CLANG_WARN_DIRECT_OBJC_ISA_USAGE = YES_ERROR;
				CLANG_WARN_DOCUMENTATION_COMMENTS = YES;
				CLANG_WARN_EMPTY_BODY = YES;
				CLANG_WARN_ENUM_CONVERSION = YES;
				CLANG_WARN_INFINITE_RECURSION = YES;
				CLANG_WARN_INT_CONVERSION = YES;
				CLANG_WARN_NON_LITERAL_NULL_CONVERSION = YES;
				CLANG_WARN_OBJC_IMPLICIT_RETAIN_SELF = YES;
				CLANG_WARN_OBJC_LITERAL_CONVERSION = YES;
				CLANG_WARN_OBJC_ROOT_CLASS = YES_ERROR;
				CLANG_WARN_QUOTED_INCLUDE_IN_FRAMEWORK_HEADER = YES;
				CLANG_WARN_RANGE_LOOP_ANALYSIS = YES;
				CLANG_WARN_STRICT_PROTOTYPES = YES;
				CLANG_WARN_SUSPICIOUS_MOVE = YES;
				CLANG_WARN_UNGUARDED_AVAILABILITY = YES_AGGRESSIVE;
				CLANG_WARN_UNREACHABLE_CODE = YES;
				CLANG_WARN__DUPLICATE_METHOD_MATCH = YES;
				COPY_PHASE_STRIP = NO;
				DEBUG_INFORMATION_FORMAT = dwarf;
				ENABLE_STRICT_OBJC_MSGSEND = YES;
				ENABLE_TESTABILITY = YES;
				GCC_C_LANGUAGE_STANDARD = gnu11;
				GCC_DYNAMIC_NO_PIC = NO;
				GCC_NO_COMMON_BLOCKS = YES;
				GCC_OPTIMIZATION_LEVEL = 0;
				GCC_PREPROCESSOR_DEFINITIONS = (
					"DEBUG=1",
					"$(inherited)",
				);
				GCC_WARN_64_TO_32_BIT_CONVERSION = YES;
				GCC_WARN_ABOUT_RETURN_TYPE = YES_ERROR;
				GCC_WARN_UNDECLARED_SELECTOR = YES;
				GCC_WARN_UNINITIALIZED_AUTOS = YES_AGGRESSIVE;
				GCC_WARN_UNUSED_FUNCTION = YES;
				GCC_WARN_UNUSED_VARIABLE = YES;
				IPHONEOS_DEPLOYMENT_TARGET = 16.2;
				MTL_ENABLE_DEBUG_INFO = INCLUDE_SOURCE;
				MTL_FAST_MATH = YES;
				ONLY_ACTIVE_ARCH = YES;
				SDKROOT = iphoneos;
				SWIFT_ACTIVE_COMPILATION_CONDITIONS = DEBUG;
				SWIFT_OPTIMIZATION_LEVEL = "-Onone";
			};
			name = Debug;
		};
		690D178629CDB40700463AEF /* Release */ = {
			isa = XCBuildConfiguration;
			buildSettings = {
				ALWAYS_SEARCH_USER_PATHS = NO;
				CLANG_ANALYZER_NONNULL = YES;
				CLANG_ANALYZER_NUMBER_OBJECT_CONVERSION = YES_AGGRESSIVE;
				CLANG_CXX_LANGUAGE_STANDARD = "gnu++20";
				CLANG_ENABLE_MODULES = YES;
				CLANG_ENABLE_OBJC_ARC = YES;
				CLANG_ENABLE_OBJC_WEAK = YES;
				CLANG_WARN_BLOCK_CAPTURE_AUTORELEASING = YES;
				CLANG_WARN_BOOL_CONVERSION = YES;
				CLANG_WARN_COMMA = YES;
				CLANG_WARN_CONSTANT_CONVERSION = YES;
				CLANG_WARN_DEPRECATED_OBJC_IMPLEMENTATIONS = YES;
				CLANG_WARN_DIRECT_OBJC_ISA_USAGE = YES_ERROR;
				CLANG_WARN_DOCUMENTATION_COMMENTS = YES;
				CLANG_WARN_EMPTY_BODY = YES;
				CLANG_WARN_ENUM_CONVERSION = YES;
				CLANG_WARN_INFINITE_RECURSION = YES;
				CLANG_WARN_INT_CONVERSION = YES;
				CLANG_WARN_NON_LITERAL_NULL_CONVERSION = YES;
				CLANG_WARN_OBJC_IMPLICIT_RETAIN_SELF = YES;
				CLANG_WARN_OBJC_LITERAL_CONVERSION = YES;
				CLANG_WARN_OBJC_ROOT_CLASS = YES_ERROR;
				CLANG_WARN_QUOTED_INCLUDE_IN_FRAMEWORK_HEADER = YES;
				CLANG_WARN_RANGE_LOOP_ANALYSIS = YES;
				CLANG_WARN_STRICT_PROTOTYPES = YES;
				CLANG_WARN_SUSPICIOUS_MOVE = YES;
				CLANG_WARN_UNGUARDED_AVAILABILITY = YES_AGGRESSIVE;
				CLANG_WARN_UNREACHABLE_CODE = YES;
				CLANG_WARN__DUPLICATE_METHOD_MATCH = YES;
				COPY_PHASE_STRIP = NO;
				DEBUG_INFORMATION_FORMAT = "dwarf-with-dsym";
				ENABLE_NS_ASSERTIONS = NO;
				ENABLE_STRICT_OBJC_MSGSEND = YES;
				GCC_C_LANGUAGE_STANDARD = gnu11;
				GCC_NO_COMMON_BLOCKS = YES;
				GCC_WARN_64_TO_32_BIT_CONVERSION = YES;
				GCC_WARN_ABOUT_RETURN_TYPE = YES_ERROR;
				GCC_WARN_UNDECLARED_SELECTOR = YES;
				GCC_WARN_UNINITIALIZED_AUTOS = YES_AGGRESSIVE;
				GCC_WARN_UNUSED_FUNCTION = YES;
				GCC_WARN_UNUSED_VARIABLE = YES;
				IPHONEOS_DEPLOYMENT_TARGET = 16.2;
				MTL_ENABLE_DEBUG_INFO = NO;
				MTL_FAST_MATH = YES;
				SDKROOT = iphoneos;
				SWIFT_COMPILATION_MODE = wholemodule;
				SWIFT_OPTIMIZATION_LEVEL = "-O";
				VALIDATE_PRODUCT = YES;
			};
			name = Release;
		};
		690D178829CDB40700463AEF /* Debug */ = {
			isa = XCBuildConfiguration;
			baseConfigurationReference = B5C33A895C51C79E689C640D /* Pods-Pokemon.debug.xcconfig */;
			buildSettings = {
				ASSETCATALOG_COMPILER_APPICON_NAME = AppIcon;
				ASSETCATALOG_COMPILER_GLOBAL_ACCENT_COLOR_NAME = AccentColor;
				CODE_SIGN_STYLE = Automatic;
				CURRENT_PROJECT_VERSION = 1;
				DEVELOPMENT_TEAM = LX3TQB65GJ;
				GENERATE_INFOPLIST_FILE = YES;
				INFOPLIST_FILE = Pokemon/Info.plist;
				INFOPLIST_KEY_UIApplicationSupportsIndirectInputEvents = YES;
				INFOPLIST_KEY_UILaunchStoryboardName = LaunchScreen;
				INFOPLIST_KEY_UIMainStoryboardFile = Main;
				INFOPLIST_KEY_UISupportedInterfaceOrientations_iPad = "UIInterfaceOrientationPortrait UIInterfaceOrientationPortraitUpsideDown UIInterfaceOrientationLandscapeLeft UIInterfaceOrientationLandscapeRight";
				INFOPLIST_KEY_UISupportedInterfaceOrientations_iPhone = "UIInterfaceOrientationPortrait UIInterfaceOrientationLandscapeLeft UIInterfaceOrientationLandscapeRight";
				LD_RUNPATH_SEARCH_PATHS = (
					"$(inherited)",
					"@executable_path/Frameworks",
				);
				MARKETING_VERSION = 1.0;
				PRODUCT_BUNDLE_IDENTIFIER = Albaylar.Pokemon;
				PRODUCT_NAME = "$(TARGET_NAME)";
				SWIFT_EMIT_LOC_STRINGS = YES;
				SWIFT_VERSION = 5.0;
				TARGETED_DEVICE_FAMILY = "1,2";
			};
			name = Debug;
		};
		690D178929CDB40700463AEF /* Release */ = {
			isa = XCBuildConfiguration;
			baseConfigurationReference = C5DD36CD6C1EC9E82F59A4C7 /* Pods-Pokemon.release.xcconfig */;
			buildSettings = {
				ASSETCATALOG_COMPILER_APPICON_NAME = AppIcon;
				ASSETCATALOG_COMPILER_GLOBAL_ACCENT_COLOR_NAME = AccentColor;
				CODE_SIGN_STYLE = Automatic;
				CURRENT_PROJECT_VERSION = 1;
				DEVELOPMENT_TEAM = LX3TQB65GJ;
				GENERATE_INFOPLIST_FILE = YES;
				INFOPLIST_FILE = Pokemon/Info.plist;
				INFOPLIST_KEY_UIApplicationSupportsIndirectInputEvents = YES;
				INFOPLIST_KEY_UILaunchStoryboardName = LaunchScreen;
				INFOPLIST_KEY_UIMainStoryboardFile = Main;
				INFOPLIST_KEY_UISupportedInterfaceOrientations_iPad = "UIInterfaceOrientationPortrait UIInterfaceOrientationPortraitUpsideDown UIInterfaceOrientationLandscapeLeft UIInterfaceOrientationLandscapeRight";
				INFOPLIST_KEY_UISupportedInterfaceOrientations_iPhone = "UIInterfaceOrientationPortrait UIInterfaceOrientationLandscapeLeft UIInterfaceOrientationLandscapeRight";
				LD_RUNPATH_SEARCH_PATHS = (
					"$(inherited)",
					"@executable_path/Frameworks",
				);
				MARKETING_VERSION = 1.0;
				PRODUCT_BUNDLE_IDENTIFIER = Albaylar.Pokemon;
				PRODUCT_NAME = "$(TARGET_NAME)";
				SWIFT_EMIT_LOC_STRINGS = YES;
				SWIFT_VERSION = 5.0;
				TARGETED_DEVICE_FAMILY = "1,2";
			};
			name = Release;
		};
/* End XCBuildConfiguration section */

/* Begin XCConfigurationList section */
		690D176E29CDB40600463AEF /* Build configuration list for PBXProject "Pokemon" */ = {
			isa = XCConfigurationList;
			buildConfigurations = (
				690D178529CDB40700463AEF /* Debug */,
				690D178629CDB40700463AEF /* Release */,
			);
			defaultConfigurationIsVisible = 0;
			defaultConfigurationName = Release;
		};
		690D178729CDB40700463AEF /* Build configuration list for PBXNativeTarget "Pokemon" */ = {
			isa = XCConfigurationList;
			buildConfigurations = (
				690D178829CDB40700463AEF /* Debug */,
				690D178929CDB40700463AEF /* Release */,
			);
			defaultConfigurationIsVisible = 0;
			defaultConfigurationName = Release;
		};
/* End XCConfigurationList section */
	};
	rootObject = 690D176B29CDB40600463AEF /* Project object */;
}
